
Microsoft Visual Studio Solution File, Format Version 12.00
# Visual Studio Version 17
VisualStudioVersion = 17.10.35122.118
MinimumVisualStudioVersion = 10.0.40219.1
Project("{FAE04EC0-301F-11D3-BF4B-00C04F79EFBC}") = "CalculoDeEnergia", "CalculoDeEnergia\CalculoDeEnergia.csproj", "{C8468D7B-5C8C-420A-817F-C994677DA10F}"
EndProject
Global
	GlobalSection(SolutionConfigurationPlatforms) = preSolution
		Debug|Any CPU = Debug|Any CPU
		Release|Any CPU = Release|Any CPU
	EndGlobalSection
	GlobalSection(ProjectConfigurationPlatforms) = postSolution
		{C8468D7B-5C8C-420A-817F-C994677DA10F}.Debug|Any CPU.ActiveCfg = Debug|Any CPU
		{C8468D7B-5C8C-420A-817F-C994677DA10F}.Debug|Any CPU.Build.0 = Debug|Any CPU
		{C8468D7B-5C8C-420A-817F-C994677DA10F}.Release|Any CPU.ActiveCfg = Release|Any CPU
		{C8468D7B-5C8C-420A-817F-C994677DA10F}.Release|Any CPU.Build.0 = Release|Any CPU
	EndGlobalSection
	GlobalSection(SolutionProperties) = preSolution
		HideSolutionNode = FALSE
	EndGlobalSection
	GlobalSection(ExtensibilityGlobals) = postSolution
		SolutionGuid = {64027952-1105-403E-A6F9-D7C66CA3C2A2}
	EndGlobalSection
EndGlobal
